
Microsoft Visual Studio Solution File, Format Version 12.00
# Visual Studio Version 16
VisualStudioVersion = 16.0.30114.105
MinimumVisualStudioVersion = 10.0.40219.1
Project("{FAE04EC0-301F-11D3-BF4B-00C04F79EFBC}") = "Introduction_To_Classes", "Introduction_To_Classes.csproj", "{20F5798D-FCAC-4746-B571-D3132B8FF312}"
EndProject
Global
	GlobalSection(SolutionConfigurationPlatforms) = preSolution
		Debug|Any CPU = Debug|Any CPU
		Release|Any CPU = Release|Any CPU
	EndGlobalSection
	GlobalSection(ProjectConfigurationPlatforms) = postSolution
		{20F5798D-FCAC-4746-B571-D3132B8FF312}.Debug|Any CPU.ActiveCfg = Debug|Any CPU
		{20F5798D-FCAC-4746-B571-D3132B8FF312}.Debug|Any CPU.Build.0 = Debug|Any CPU
		{20F5798D-FCAC-4746-B571-D3132B8FF312}.Release|Any CPU.ActiveCfg = Release|Any CPU
		{20F5798D-FCAC-4746-B571-D3132B8FF312}.Release|Any CPU.Build.0 = Release|Any CPU
	EndGlobalSection
	GlobalSection(SolutionProperties) = preSolution
		HideSolutionNode = FALSE
	EndGlobalSection
	GlobalSection(ExtensibilityGlobals) = postSolution
		SolutionGuid = {F76112A4-C9B2-4F2D-A576-0F87C2EA3606}
	EndGlobalSection
EndGlobal
