
Microsoft Visual Studio Solution File, Format Version 12.00
# Visual Studio Version 16
VisualStudioVersion = 16.0.30114.105
MinimumVisualStudioVersion = 10.0.40219.1
Project("{FAE04EC0-301F-11D3-BF4B-00C04F79EFBC}") = "Comments", "Comments.csproj", "{DCCD9620-0FF3-4712-8B06-9D5162F5966F}"
EndProject
Global
	GlobalSection(SolutionConfigurationPlatforms) = preSolution
		Debug|Any CPU = Debug|Any CPU
		Release|Any CPU = Release|Any CPU
	EndGlobalSection
	GlobalSection(ProjectConfigurationPlatforms) = postSolution
		{DCCD9620-0FF3-4712-8B06-9D5162F5966F}.Debug|Any CPU.ActiveCfg = Debug|Any CPU
		{DCCD9620-0FF3-4712-8B06-9D5162F5966F}.Debug|Any CPU.Build.0 = Debug|Any CPU
		{DCCD9620-0FF3-4712-8B06-9D5162F5966F}.Release|Any CPU.ActiveCfg = Release|Any CPU
		{DCCD9620-0FF3-4712-8B06-9D5162F5966F}.Release|Any CPU.Build.0 = Release|Any CPU
	EndGlobalSection
	GlobalSection(SolutionProperties) = preSolution
		HideSolutionNode = FALSE
	EndGlobalSection
	GlobalSection(ExtensibilityGlobals) = postSolution
		SolutionGuid = {97BC3DBA-57DE-48E6-9607-042451D6E073}
	EndGlobalSection
EndGlobal
