
Microsoft Visual Studio Solution File, Format Version 12.00
# Visual Studio Version 16
VisualStudioVersion = 16.0.30128.74
MinimumVisualStudioVersion = 10.0.40219.1
Project("{FAE04EC0-301F-11D3-BF4B-00C04F79EFBC}") = "MethodHiding", "MethodHiding.csproj", "{8C858931-3131-46DF-8023-011247576DDB}"
EndProject
Global
	GlobalSection(SolutionConfigurationPlatforms) = preSolution
		Debug|Any CPU = Debug|Any CPU
		Release|Any CPU = Release|Any CPU
	EndGlobalSection
	GlobalSection(ProjectConfigurationPlatforms) = postSolution
		{8C858931-3131-46DF-8023-011247576DDB}.Debug|Any CPU.ActiveCfg = Debug|Any CPU
		{8C858931-3131-46DF-8023-011247576DDB}.Debug|Any CPU.Build.0 = Debug|Any CPU
		{8C858931-3131-46DF-8023-011247576DDB}.Release|Any CPU.ActiveCfg = Release|Any CPU
		{8C858931-3131-46DF-8023-011247576DDB}.Release|Any CPU.Build.0 = Release|Any CPU
	EndGlobalSection
	GlobalSection(SolutionProperties) = preSolution
		HideSolutionNode = FALSE
	EndGlobalSection
	GlobalSection(ExtensibilityGlobals) = postSolution
		SolutionGuid = {60303423-5C71-44EA-BDF6-29842371387A}
	EndGlobalSection
EndGlobal
