
Microsoft Visual Studio Solution File, Format Version 12.00
# Visual Studio Version 16
VisualStudioVersion = 16.0.30204.135
MinimumVisualStudioVersion = 10.0.40219.1
Project("{FAE04EC0-301F-11D3-BF4B-00C04F79EFBC}") = "Explicit_Interface_Implementations", "Explicit_Interface_Implementations.csproj", "{D8E21F66-586F-47BC-AA20-A022C86F0296}"
EndProject
Global
	GlobalSection(SolutionConfigurationPlatforms) = preSolution
		Debug|Any CPU = Debug|Any CPU
		Release|Any CPU = Release|Any CPU
	EndGlobalSection
	GlobalSection(ProjectConfigurationPlatforms) = postSolution
		{D8E21F66-586F-47BC-AA20-A022C86F0296}.Debug|Any CPU.ActiveCfg = Debug|Any CPU
		{D8E21F66-586F-47BC-AA20-A022C86F0296}.Debug|Any CPU.Build.0 = Debug|Any CPU
		{D8E21F66-586F-47BC-AA20-A022C86F0296}.Release|Any CPU.ActiveCfg = Release|Any CPU
		{D8E21F66-586F-47BC-AA20-A022C86F0296}.Release|Any CPU.Build.0 = Release|Any CPU
	EndGlobalSection
	GlobalSection(SolutionProperties) = preSolution
		HideSolutionNode = FALSE
	EndGlobalSection
	GlobalSection(ExtensibilityGlobals) = postSolution
		SolutionGuid = {C26782A6-F57F-4489-B6DA-F6428BB442DC}
	EndGlobalSection
EndGlobal
