
Microsoft Visual Studio Solution File, Format Version 12.00
# Visual Studio Version 16
VisualStudioVersion = 16.0.30114.105
MinimumVisualStudioVersion = 10.0.40219.1
Project("{FAE04EC0-301F-11D3-BF4B-00C04F79EFBC}") = "Namespaces", "Namespaces.csproj", "{03E2C3A6-48B7-4B89-A86D-1810135AD0EB}"
EndProject
Project("{FAE04EC0-301F-11D3-BF4B-00C04F79EFBC}") = "ProjectA.TeamA", "..\ProjectA.TeamA\ProjectA.TeamA.csproj", "{38A7823E-BA9E-4C55-812C-C12E667167CC}"
EndProject
Project("{FAE04EC0-301F-11D3-BF4B-00C04F79EFBC}") = "ProjectA.TeamB", "..\ProjectA.TeamB\ProjectA.TeamB.csproj", "{F5A58448-DB1F-4AA3-BB25-D576C59B2D5F}"
EndProject
Global
	GlobalSection(SolutionConfigurationPlatforms) = preSolution
		Debug|Any CPU = Debug|Any CPU
		Release|Any CPU = Release|Any CPU
	EndGlobalSection
	GlobalSection(ProjectConfigurationPlatforms) = postSolution
		{03E2C3A6-48B7-4B89-A86D-1810135AD0EB}.Debug|Any CPU.ActiveCfg = Debug|Any CPU
		{03E2C3A6-48B7-4B89-A86D-1810135AD0EB}.Debug|Any CPU.Build.0 = Debug|Any CPU
		{03E2C3A6-48B7-4B89-A86D-1810135AD0EB}.Release|Any CPU.ActiveCfg = Release|Any CPU
		{03E2C3A6-48B7-4B89-A86D-1810135AD0EB}.Release|Any CPU.Build.0 = Release|Any CPU
		{38A7823E-BA9E-4C55-812C-C12E667167CC}.Debug|Any CPU.ActiveCfg = Debug|Any CPU
		{38A7823E-BA9E-4C55-812C-C12E667167CC}.Debug|Any CPU.Build.0 = Debug|Any CPU
		{38A7823E-BA9E-4C55-812C-C12E667167CC}.Release|Any CPU.ActiveCfg = Release|Any CPU
		{38A7823E-BA9E-4C55-812C-C12E667167CC}.Release|Any CPU.Build.0 = Release|Any CPU
		{F5A58448-DB1F-4AA3-BB25-D576C59B2D5F}.Debug|Any CPU.ActiveCfg = Debug|Any CPU
		{F5A58448-DB1F-4AA3-BB25-D576C59B2D5F}.Debug|Any CPU.Build.0 = Debug|Any CPU
		{F5A58448-DB1F-4AA3-BB25-D576C59B2D5F}.Release|Any CPU.ActiveCfg = Release|Any CPU
		{F5A58448-DB1F-4AA3-BB25-D576C59B2D5F}.Release|Any CPU.Build.0 = Release|Any CPU
	EndGlobalSection
	GlobalSection(SolutionProperties) = preSolution
		HideSolutionNode = FALSE
	EndGlobalSection
	GlobalSection(ExtensibilityGlobals) = postSolution
		SolutionGuid = {CC3BDE5B-0C01-4F0A-A64B-EF5EEA2450EB}
	EndGlobalSection
EndGlobal
