
Microsoft Visual Studio Solution File, Format Version 12.00
# Visual Studio Version 16
VisualStudioVersion = 16.0.30204.135
MinimumVisualStudioVersion = 10.0.40219.1
Project("{FAE04EC0-301F-11D3-BF4B-00C04F79EFBC}") = "Structures", "Structures.csproj", "{7D91AF73-38A6-43E8-88AA-00A7EE1CD58E}"
EndProject
Global
	GlobalSection(SolutionConfigurationPlatforms) = preSolution
		Debug|Any CPU = Debug|Any CPU
		Release|Any CPU = Release|Any CPU
	EndGlobalSection
	GlobalSection(ProjectConfigurationPlatforms) = postSolution
		{7D91AF73-38A6-43E8-88AA-00A7EE1CD58E}.Debug|Any CPU.ActiveCfg = Debug|Any CPU
		{7D91AF73-38A6-43E8-88AA-00A7EE1CD58E}.Debug|Any CPU.Build.0 = Debug|Any CPU
		{7D91AF73-38A6-43E8-88AA-00A7EE1CD58E}.Release|Any CPU.ActiveCfg = Release|Any CPU
		{7D91AF73-38A6-43E8-88AA-00A7EE1CD58E}.Release|Any CPU.Build.0 = Release|Any CPU
	EndGlobalSection
	GlobalSection(SolutionProperties) = preSolution
		HideSolutionNode = FALSE
	EndGlobalSection
	GlobalSection(ExtensibilityGlobals) = postSolution
		SolutionGuid = {46FC1ED1-36F4-4AF8-887D-7D53E3BD973C}
	EndGlobalSection
EndGlobal
