
Microsoft Visual Studio Solution File, Format Version 12.00
# Visual Studio Version 16
VisualStudioVersion = 16.0.30114.105
MinimumVisualStudioVersion = 10.0.40219.1
Project("{FAE04EC0-301F-11D3-BF4B-00C04F79EFBC}") = "Built In Types", "Built In Types.csproj", "{427CB971-D31F-48C5-8BC5-82566BE4478B}"
EndProject
Global
	GlobalSection(SolutionConfigurationPlatforms) = preSolution
		Debug|Any CPU = Debug|Any CPU
		Release|Any CPU = Release|Any CPU
	EndGlobalSection
	GlobalSection(ProjectConfigurationPlatforms) = postSolution
		{427CB971-D31F-48C5-8BC5-82566BE4478B}.Debug|Any CPU.ActiveCfg = Debug|Any CPU
		{427CB971-D31F-48C5-8BC5-82566BE4478B}.Debug|Any CPU.Build.0 = Debug|Any CPU
		{427CB971-D31F-48C5-8BC5-82566BE4478B}.Release|Any CPU.ActiveCfg = Release|Any CPU
		{427CB971-D31F-48C5-8BC5-82566BE4478B}.Release|Any CPU.Build.0 = Release|Any CPU
	EndGlobalSection
	GlobalSection(SolutionProperties) = preSolution
		HideSolutionNode = FALSE
	EndGlobalSection
	GlobalSection(ExtensibilityGlobals) = postSolution
		SolutionGuid = {40C0E3EF-33A0-4195-82B8-ACE1264CCA53}
	EndGlobalSection
EndGlobal
